// !$*UTF8*$!
{
	archiveVersion = 1;
	classes = {
	};
	objectVersion = 46;
	objects = {

/* Begin PBXBuildFile section */
		860D054F1AF98D8500C106B2 /* AppDelegate.swift in Sources */ = {isa = PBXBuildFile; fileRef = 860D054E1AF98D8500C106B2 /* AppDelegate.swift */; };
		860D05511AF98D8500C106B2 /* ViewController.swift in Sources */ = {isa = PBXBuildFile; fileRef = 860D05501AF98D8500C106B2 /* ViewController.swift */; };
		860D05541AF98D8500C106B2 /* Main.storyboard in Resources */ = {isa = PBXBuildFile; fileRef = 860D05521AF98D8500C106B2 /* Main.storyboard */; };
		860D05561AF98D8500C106B2 /* Images.xcassets in Resources */ = {isa = PBXBuildFile; fileRef = 860D05551AF98D8500C106B2 /* Images.xcassets */; };
		860D05651AF98D8500C106B2 /* dropbox_demoTests.swift in Sources */ = {isa = PBXBuildFile; fileRef = 860D05641AF98D8500C106B2 /* dropbox_demoTests.swift */; };
		860D056F1AF9BB8C00C106B2 /* CreateAccountRootViewController.swift in Sources */ = {isa = PBXBuildFile; fileRef = 860D056E1AF9BB8C00C106B2 /* CreateAccountRootViewController.swift */; };
		860D05711AF9BBA600C106B2 /* SignInRootViewController.swift in Sources */ = {isa = PBXBuildFile; fileRef = 860D05701AF9BBA600C106B2 /* SignInRootViewController.swift */; };
		860D05731AF9BC5700C106B2 /* CreateAccountViewController.swift in Sources */ = {isa = PBXBuildFile; fileRef = 860D05721AF9BC5700C106B2 /* CreateAccountViewController.swift */; };
		860D05751AF9BC7900C106B2 /* SignInViewController.swift in Sources */ = {isa = PBXBuildFile; fileRef = 860D05741AF9BC7900C106B2 /* SignInViewController.swift */; };
		86E313181AFEA883008F0120 /* SettingsViewController.swift in Sources */ = {isa = PBXBuildFile; fileRef = 86E313171AFEA883008F0120 /* SettingsViewController.swift */; };
		86E3131A1AFEB3A5008F0120 /* SiginViewController2.swift in Sources */ = {isa = PBXBuildFile; fileRef = 86E313191AFEB3A5008F0120 /* SiginViewController2.swift */; };
		86E3131C1AFEB64A008F0120 /* PhotosViewController.swift in Sources */ = {isa = PBXBuildFile; fileRef = 86E3131B1AFEB64A008F0120 /* PhotosViewController.swift */; };
		86E3131E1B0051CE008F0120 /* FavoriteSwipeViewController.swift in Sources */ = {isa = PBXBuildFile; fileRef = 86E3131D1B0051CE008F0120 /* FavoriteSwipeViewController.swift */; };
/* End PBXBuildFile section */

/* Begin PBXContainerItemProxy section */
		860D055F1AF98D8500C106B2 /* PBXContainerItemProxy */ = {
			isa = PBXContainerItemProxy;
			containerPortal = 860D05411AF98D8500C106B2 /* Project object */;
			proxyType = 1;
			remoteGlobalIDString = 860D05481AF98D8500C106B2;
			remoteInfo = "dropbox-demo";
		};
/* End PBXContainerItemProxy section */

/* Begin PBXFileReference section */
		860D05491AF98D8500C106B2 /* dropbox-demo.app */ = {isa = PBXFileReference; explicitFileType = wrapper.application; includeInIndex = 0; path = "dropbox-demo.app"; sourceTree = BUILT_PRODUCTS_DIR; };
		860D054D1AF98D8500C106B2 /* Info.plist */ = {isa = PBXFileReference; lastKnownFileType = text.plist.xml; path = Info.plist; sourceTree = "<group>"; };
		860D054E1AF98D8500C106B2 /* AppDelegate.swift */ = {isa = PBXFileReference; lastKnownFileType = sourcecode.swift; path = AppDelegate.swift; sourceTree = "<group>"; };
		860D05501AF98D8500C106B2 /* ViewController.swift */ = {isa = PBXFileReference; lastKnownFileType = sourcecode.swift; path = ViewController.swift; sourceTree = "<group>"; };
		860D05531AF98D8500C106B2 /* Base */ = {isa = PBXFileReference; lastKnownFileType = file.storyboard; name = Base; path = Base.lproj/Main.storyboard; sourceTree = "<group>"; };
		860D05551AF98D8500C106B2 /* Images.xcassets */ = {isa = PBXFileReference; lastKnownFileType = folder.assetcatalog; path = Images.xcassets; sourceTree = "<group>"; };
		860D055E1AF98D8500C106B2 /* dropbox-demoTests.xctest */ = {isa = PBXFileReference; explicitFileType = wrapper.cfbundle; includeInIndex = 0; path = "dropbox-demoTests.xctest"; sourceTree = BUILT_PRODUCTS_DIR; };
		860D05631AF98D8500C106B2 /* Info.plist */ = {isa = PBXFileReference; lastKnownFileType = text.plist.xml; path = Info.plist; sourceTree = "<group>"; };
		860D05641AF98D8500C106B2 /* dropbox_demoTests.swift */ = {isa = PBXFileReference; lastKnownFileType = sourcecode.swift; path = dropbox_demoTests.swift; sourceTree = "<group>"; };
		860D056E1AF9BB8C00C106B2 /* CreateAccountRootViewController.swift */ = {isa = PBXFileReference; fileEncoding = 4; lastKnownFileType = sourcecode.swift; path = CreateAccountRootViewController.swift; sourceTree = "<group>"; };
		860D05701AF9BBA600C106B2 /* SignInRootViewController.swift */ = {isa = PBXFileReference; fileEncoding = 4; lastKnownFileType = sourcecode.swift; path = SignInRootViewController.swift; sourceTree = "<group>"; };
		860D05721AF9BC5700C106B2 /* CreateAccountViewController.swift */ = {isa = PBXFileReference; fileEncoding = 4; lastKnownFileType = sourcecode.swift; path = CreateAccountViewController.swift; sourceTree = "<group>"; };
		860D05741AF9BC7900C106B2 /* SignInViewController.swift */ = {isa = PBXFileReference; fileEncoding = 4; lastKnownFileType = sourcecode.swift; path = SignInViewController.swift; sourceTree = "<group>"; };
		86E313171AFEA883008F0120 /* SettingsViewController.swift */ = {isa = PBXFileReference; fileEncoding = 4; lastKnownFileType = sourcecode.swift; path = SettingsViewController.swift; sourceTree = "<group>"; };
		86E313191AFEB3A5008F0120 /* SiginViewController2.swift */ = {isa = PBXFileReference; fileEncoding = 4; lastKnownFileType = sourcecode.swift; path = SiginViewController2.swift; sourceTree = "<group>"; };
		86E3131B1AFEB64A008F0120 /* PhotosViewController.swift */ = {isa = PBXFileReference; fileEncoding = 4; lastKnownFileType = sourcecode.swift; path = PhotosViewController.swift; sourceTree = "<group>"; };
		86E3131D1B0051CE008F0120 /* FavoriteSwipeViewController.swift */ = {isa = PBXFileReference; fileEncoding = 4; lastKnownFileType = sourcecode.swift; path = FavoriteSwipeViewController.swift; sourceTree = "<group>"; };
/* End PBXFileReference section */

/* Begin PBXFrameworksBuildPhase section */
		860D05461AF98D8500C106B2 /* Frameworks */ = {
			isa = PBXFrameworksBuildPhase;
			buildActionMask = 2147483647;
			files = (
			);
			runOnlyForDeploymentPostprocessing = 0;
		};
		860D055B1AF98D8500C106B2 /* Frameworks */ = {
			isa = PBXFrameworksBuildPhase;
			buildActionMask = 2147483647;
			files = (
			);
			runOnlyForDeploymentPostprocessing = 0;
		};
/* End PBXFrameworksBuildPhase section */

/* Begin PBXGroup section */
		860D05401AF98D8500C106B2 = {
			isa = PBXGroup;
			children = (
				860D054B1AF98D8500C106B2 /* dropbox-demo */,
				860D05611AF98D8500C106B2 /* dropbox-demoTests */,
				860D054A1AF98D8500C106B2 /* Products */,
			);
			sourceTree = "<group>";
		};
		860D054A1AF98D8500C106B2 /* Products */ = {
			isa = PBXGroup;
			children = (
				860D05491AF98D8500C106B2 /* dropbox-demo.app */,
				860D055E1AF98D8500C106B2 /* dropbox-demoTests.xctest */,
			);
			name = Products;
			sourceTree = "<group>";
		};
		860D054B1AF98D8500C106B2 /* dropbox-demo */ = {
			isa = PBXGroup;
			children = (
				860D054E1AF98D8500C106B2 /* AppDelegate.swift */,
				860D05501AF98D8500C106B2 /* ViewController.swift */,
				860D05521AF98D8500C106B2 /* Main.storyboard */,
				860D05551AF98D8500C106B2 /* Images.xcassets */,
				860D054C1AF98D8500C106B2 /* Supporting Files */,
				860D056E1AF9BB8C00C106B2 /* CreateAccountRootViewController.swift */,
				860D05721AF9BC5700C106B2 /* CreateAccountViewController.swift */,
				860D05701AF9BBA600C106B2 /* SignInRootViewController.swift */,
				860D05741AF9BC7900C106B2 /* SignInViewController.swift */,
				86E313191AFEB3A5008F0120 /* SiginViewController2.swift */,
				86E313171AFEA883008F0120 /* SettingsViewController.swift */,
				86E3131B1AFEB64A008F0120 /* PhotosViewController.swift */,
				86E3131D1B0051CE008F0120 /* FavoriteSwipeViewController.swift */,
			);
			path = "dropbox-demo";
			sourceTree = "<group>";
		};
		860D054C1AF98D8500C106B2 /* Supporting Files */ = {
			isa = PBXGroup;
			children = (
				860D054D1AF98D8500C106B2 /* Info.plist */,
			);
			name = "Supporting Files";
			sourceTree = "<group>";
		};
		860D05611AF98D8500C106B2 /* dropbox-demoTests */ = {
			isa = PBXGroup;
			children = (
				860D05641AF98D8500C106B2 /* dropbox_demoTests.swift */,
				860D05621AF98D8500C106B2 /* Supporting Files */,
			);
			path = "dropbox-demoTests";
			sourceTree = "<group>";
		};
		860D05621AF98D8500C106B2 /* Supporting Files */ = {
			isa = PBXGroup;
			children = (
				860D05631AF98D8500C106B2 /* Info.plist */,
			);
			name = "Supporting Files";
			sourceTree = "<group>";
		};
/* End PBXGroup section */

/* Begin PBXNativeTarget section */
		860D05481AF98D8500C106B2 /* dropbox-demo */ = {
			isa = PBXNativeTarget;
			buildConfigurationList = 860D05681AF98D8500C106B2 /* Build configuration list for PBXNativeTarget "dropbox-demo" */;
			buildPhases = (
				860D05451AF98D8500C106B2 /* Sources */,
				860D05461AF98D8500C106B2 /* Frameworks */,
				860D05471AF98D8500C106B2 /* Resources */,
			);
			buildRules = (
			);
			dependencies = (
			);
			name = "dropbox-demo";
			productName = "dropbox-demo";
			productReference = 860D05491AF98D8500C106B2 /* dropbox-demo.app */;
			productType = "com.apple.product-type.application";
		};
		860D055D1AF98D8500C106B2 /* dropbox-demoTests */ = {
			isa = PBXNativeTarget;
			buildConfigurationList = 860D056B1AF98D8500C106B2 /* Build configuration list for PBXNativeTarget "dropbox-demoTests" */;
			buildPhases = (
				860D055A1AF98D8500C106B2 /* Sources */,
				860D055B1AF98D8500C106B2 /* Frameworks */,
				860D055C1AF98D8500C106B2 /* Resources */,
			);
			buildRules = (
			);
			dependencies = (
				860D05601AF98D8500C106B2 /* PBXTargetDependency */,
			);
			name = "dropbox-demoTests";
			productName = "dropbox-demoTests";
			productReference = 860D055E1AF98D8500C106B2 /* dropbox-demoTests.xctest */;
			productType = "com.apple.product-type.bundle.unit-test";
		};
/* End PBXNativeTarget section */

/* Begin PBXProject section */
		860D05411AF98D8500C106B2 /* Project object */ = {
			isa = PBXProject;
			attributes = {
				LastUpgradeCheck = 0610;
				ORGANIZATIONNAME = carloscheung;
				TargetAttributes = {
					860D05481AF98D8500C106B2 = {
						CreatedOnToolsVersion = 6.1.1;
						DevelopmentTeam = 4R66FPC5W9;
					};
					860D055D1AF98D8500C106B2 = {
						CreatedOnToolsVersion = 6.1.1;
						TestTargetID = 860D05481AF98D8500C106B2;
					};
				};
			};
			buildConfigurationList = 860D05441AF98D8500C106B2 /* Build configuration list for PBXProject "dropbox-demo" */;
			compatibilityVersion = "Xcode 3.2";
			developmentRegion = English;
			hasScannedForEncodings = 0;
			knownRegions = (
				en,
				Base,
			);
			mainGroup = 860D05401AF98D8500C106B2;
			productRefGroup = 860D054A1AF98D8500C106B2 /* Products */;
			projectDirPath = "";
			projectRoot = "";
			targets = (
				860D05481AF98D8500C106B2 /* dropbox-demo */,
				860D055D1AF98D8500C106B2 /* dropbox-demoTests */,
			);
		};
/* End PBXProject section */

/* Begin PBXResourcesBuildPhase section */
		860D05471AF98D8500C106B2 /* Resources */ = {
			isa = PBXResourcesBuildPhase;
			buildActionMask = 2147483647;
			files = (
				860D05541AF98D8500C106B2 /* Main.storyboard in Resources */,
				860D05561AF98D8500C106B2 /* Images.xcassets in Resources */,
			);
			runOnlyForDeploymentPostprocessing = 0;
		};
		860D055C1AF98D8500C106B2 /* Resources */ = {
			isa = PBXResourcesBuildPhase;
			buildActionMask = 2147483647;
			files = (
			);
			runOnlyForDeploymentPostprocessing = 0;
		};
/* End PBXResourcesBuildPhase section */

/* Begin PBXSourcesBuildPhase section */
		860D05451AF98D8500C106B2 /* Sources */ = {
			isa = PBXSourcesBuildPhase;
			buildActionMask = 2147483647;
			files = (
				86E3131C1AFEB64A008F0120 /* PhotosViewController.swift in Sources */,
				86E3131A1AFEB3A5008F0120 /* SiginViewController2.swift in Sources */,
				860D05731AF9BC5700C106B2 /* CreateAccountViewController.swift in Sources */,
				860D05711AF9BBA600C106B2 /* SignInRootViewController.swift in Sources */,
				86E313181AFEA883008F0120 /* SettingsViewController.swift in Sources */,
				86E3131E1B0051CE008F0120 /* FavoriteSwipeViewController.swift in Sources */,
				860D05751AF9BC7900C106B2 /* SignInViewController.swift in Sources */,
				860D056F1AF9BB8C00C106B2 /* CreateAccountRootViewController.swift in Sources */,
				860D05511AF98D8500C106B2 /* ViewController.swift in Sources */,
				860D054F1AF98D8500C106B2 /* AppDelegate.swift in Sources */,
			);
			runOnlyForDeploymentPostprocessing = 0;
		};
		860D055A1AF98D8500C106B2 /* Sources */ = {
			isa = PBXSourcesBuildPhase;
			buildActionMask = 2147483647;
			files = (
				860D05651AF98D8500C106B2 /* dropbox_demoTests.swift in Sources */,
			);
			runOnlyForDeploymentPostprocessing = 0;
		};
/* End PBXSourcesBuildPhase section */

/* Begin PBXTargetDependency section */
		860D05601AF98D8500C106B2 /* PBXTargetDependency */ = {
			isa = PBXTargetDependency;
			target = 860D05481AF98D8500C106B2 /* dropbox-demo */;
			targetProxy = 860D055F1AF98D8500C106B2 /* PBXContainerItemProxy */;
		};
/* End PBXTargetDependency section */

/* Begin PBXVariantGroup section */
		860D05521AF98D8500C106B2 /* Main.storyboard */ = {
			isa = PBXVariantGroup;
			children = (
				860D05531AF98D8500C106B2 /* Base */,
			);
			name = Main.storyboard;
			sourceTree = "<group>";
		};
/* End PBXVariantGroup section */

/* Begin XCBuildConfiguration section */
		860D05661AF98D8500C106B2 /* Debug */ = {
			isa = XCBuildConfiguration;
			buildSettings = {
				ALWAYS_SEARCH_USER_PATHS = NO;
				CLANG_CXX_LANGUAGE_STANDARD = "gnu++0x";
				CLANG_CXX_LIBRARY = "libc++";
				CLANG_ENABLE_MODULES = YES;
				CLANG_ENABLE_OBJC_ARC = YES;
				CLANG_WARN_BOOL_CONVERSION = YES;
				CLANG_WARN_CONSTANT_CONVERSION = YES;
				CLANG_WARN_DIRECT_OBJC_ISA_USAGE = YES_ERROR;
				CLANG_WARN_EMPTY_BODY = YES;
				CLANG_WARN_ENUM_CONVERSION = YES;
				CLANG_WARN_INT_CONVERSION = YES;
				CLANG_WARN_OBJC_ROOT_CLASS = YES_ERROR;
				CLANG_WARN_UNREACHABLE_CODE = YES;
				CLANG_WARN__DUPLICATE_METHOD_MATCH = YES;
				"CODE_SIGN_IDENTITY[sdk=iphoneos*]" = "iPhone Developer";
				COPY_PHASE_STRIP = NO;
				ENABLE_STRICT_OBJC_MSGSEND = YES;
				GCC_C_LANGUAGE_STANDARD = gnu99;
				GCC_DYNAMIC_NO_PIC = NO;
				GCC_OPTIMIZATION_LEVEL = 0;
				GCC_PREPROCESSOR_DEFINITIONS = (
					"DEBUG=1",
					"$(inherited)",
				);
				GCC_SYMBOLS_PRIVATE_EXTERN = NO;
				GCC_WARN_64_TO_32_BIT_CONVERSION = YES;
				GCC_WARN_ABOUT_RETURN_TYPE = YES_ERROR;
				GCC_WARN_UNDECLARED_SELECTOR = YES;
				GCC_WARN_UNINITIALIZED_AUTOS = YES_AGGRESSIVE;
				GCC_WARN_UNUSED_FUNCTION = YES;
				GCC_WARN_UNUSED_VARIABLE = YES;
				IPHONEOS_DEPLOYMENT_TARGET = 8.1;
				MTL_ENABLE_DEBUG_INFO = YES;
				ONLY_ACTIVE_ARCH = YES;
				SDKROOT = iphoneos;
				SWIFT_OPTIMIZATION_LEVEL = "-Onone";
			};
			name = Debug;
		};
		860D05671AF98D8500C106B2 /* Release */ = {
			isa = XCBuildConfiguration;
			buildSettings = {
				ALWAYS_SEARCH_USER_PATHS = NO;
				CLANG_CXX_LANGUAGE_STANDARD = "gnu++0x";
				CLANG_CXX_LIBRARY = "libc++";
				CLANG_ENABLE_MODULES = YES;
				CLANG_ENABLE_OBJC_ARC = YES;
				CLANG_WARN_BOOL_CONVERSION = YES;
				CLANG_WARN_CONSTANT_CONVERSION = YES;
				CLANG_WARN_DIRECT_OBJC_ISA_USAGE = YES_ERROR;
				CLANG_WARN_EMPTY_BODY = YES;
				CLANG_WARN_ENUM_CONVERSION = YES;
				CLANG_WARN_INT_CONVERSION = YES;
				CLANG_WARN_OBJC_ROOT_CLASS = YES_ERROR;
				CLANG_WARN_UNREACHABLE_CODE = YES;
				CLANG_WARN__DUPLICATE_METHOD_MATCH = YES;
				"CODE_SIGN_IDENTITY[sdk=iphoneos*]" = "iPhone Developer";
				COPY_PHASE_STRIP = YES;
				ENABLE_NS_ASSERTIONS = NO;
				ENABLE_STRICT_OBJC_MSGSEND = YES;
				GCC_C_LANGUAGE_STANDARD = gnu99;
				GCC_WARN_64_TO_32_BIT_CONVERSION = YES;
				GCC_WARN_ABOUT_RETURN_TYPE = YES_ERROR;
				GCC_WARN_UNDECLARED_SELECTOR = YES;
				GCC_WARN_UNINITIALIZED_AUTOS = YES_AGGRESSIVE;
				GCC_WARN_UNUSED_FUNCTION = YES;
				GCC_WARN_UNUSED_VARIABLE = YES;
				IPHONEOS_DEPLOYMENT_TARGET = 8.1;
				MTL_ENABLE_DEBUG_INFO = NO;
				SDKROOT = iphoneos;
				VALIDATE_PRODUCT = YES;
			};
			name = Release;
		};
		860D05691AF98D8500C106B2 /* Debug */ = {
			isa = XCBuildConfiguration;
			buildSettings = {
				ASSETCATALOG_COMPILER_APPICON_NAME = AppIcon;
				ASSETCATALOG_COMPILER_LAUNCHIMAGE_NAME = LaunchImage;
				CODE_SIGN_IDENTITY = "iPhone Developer";
				"CODE_SIGN_IDENTITY[sdk=iphoneos*]" = "iPhone Developer";
				INFOPLIST_FILE = "dropbox-demo/Info.plist";
				LD_RUNPATH_SEARCH_PATHS = "$(inherited) @executable_path/Frameworks";
				New_Setting = "";
				PRODUCT_NAME = "$(TARGET_NAME)";
				PROVISIONING_PROFILE = "";
			};
			name = Debug;
		};
		860D056A1AF98D8500C106B2 /* Release */ = {
			isa = XCBuildConfiguration;
			buildSettings = {
				ASSETCATALOG_COMPILER_APPICON_NAME = AppIcon;
				ASSETCATALOG_COMPILER_LAUNCHIMAGE_NAME = LaunchImage;
				CODE_SIGN_IDENTITY = "iPhone Developer";
				"CODE_SIGN_IDENTITY[sdk=iphoneos*]" = "iPhone Developer";
				INFOPLIST_FILE = "dropbox-demo/Info.plist";
				LD_RUNPATH_SEARCH_PATHS = "$(inherited) @executable_path/Frameworks";
				New_Setting = "";
				PRODUCT_NAME = "$(TARGET_NAME)";
				PROVISIONING_PROFILE = "";
			};
			name = Release;
		};
		860D056C1AF98D8500C106B2 /* Debug */ = {
			isa = XCBuildConfiguration;
			buildSettings = {
				BUNDLE_LOADER = "$(TEST_HOST)";
				FRAMEWORK_SEARCH_PATHS = (
					"$(SDKROOT)/Developer/Library/Frameworks",
					"$(inherited)",
				);
				GCC_PREPROCESSOR_DEFINITIONS = (
					"DEBUG=1",
					"$(inherited)",
				);
				INFOPLIST_FILE = "dropbox-demoTests/Info.plist";
				LD_RUNPATH_SEARCH_PATHS = "$(inherited) @executable_path/Frameworks @loader_path/Frameworks";
				PRODUCT_NAME = "$(TARGET_NAME)";
				TEST_HOST = "$(BUILT_PRODUCTS_DIR)/dropbox-demo.app/dropbox-demo";
			};
			name = Debug;
		};
		860D056D1AF98D8500C106B2 /* Release */ = {
			isa = XCBuildConfiguration;
			buildSettings = {
				BUNDLE_LOADER = "$(TEST_HOST)";
				FRAMEWORK_SEARCH_PATHS = (
					"$(SDKROOT)/Developer/Library/Frameworks",
					"$(inherited)",
				);
				INFOPLIST_FILE = "dropbox-demoTests/Info.plist";
				LD_RUNPATH_SEARCH_PATHS = "$(inherited) @executable_path/Frameworks @loader_path/Frameworks";
				PRODUCT_NAME = "$(TARGET_NAME)";
				TEST_HOST = "$(BUILT_PRODUCTS_DIR)/dropbox-demo.app/dropbox-demo";
			};
			name = Release;
		};
/* End XCBuildConfiguration section */

/* Begin XCConfigurationList section */
		860D05441AF98D8500C106B2 /* Build configuration list for PBXProject "dropbox-demo" */ = {
			isa = XCConfigurationList;
			buildConfigurations = (
				860D05661AF98D8500C106B2 /* Debug */,
				860D05671AF98D8500C106B2 /* Release */,
			);
			defaultConfigurationIsVisible = 0;
			defaultConfigurationName = Release;
		};
		860D05681AF98D8500C106B2 /* Build configuration list for PBXNativeTarget "dropbox-demo" */ = {
			isa = XCConfigurationList;
			buildConfigurations = (
				860D05691AF98D8500C106B2 /* Debug */,
				860D056A1AF98D8500C106B2 /* Release */,
			);
			defaultConfigurationIsVisible = 0;
			defaultConfigurationName = Release;
		};
		860D056B1AF98D8500C106B2 /* Build configuration list for PBXNativeTarget "dropbox-demoTests" */ = {
			isa = XCConfigurationList;
			buildConfigurations = (
				860D056C1AF98D8500C106B2 /* Debug */,
				860D056D1AF98D8500C106B2 /* Release */,
			);
			defaultConfigurationIsVisible = 0;
			defaultConfigurationName = Release;
		};
/* End XCConfigurationList section */
	};
	rootObject = 860D05411AF98D8500C106B2 /* Project object */;
}
